
Microsoft Visual Studio Solution File, Format Version 12.00
# Visual Studio Version 17
VisualStudioVersion = 17.5.33627.172
MinimumVisualStudioVersion = 10.0.40219.1
Project("{FAE04EC0-301F-11D3-BF4B-00C04F79EFBC}") = "AppC#", "AppC#\AppC#.csproj", "{18B57517-0CF6-4592-90F6-2657E63F4AC4}"
EndProject
Global
	GlobalSection(SolutionConfigurationPlatforms) = preSolution
		Debug|Any CPU = Debug|Any CPU
		Release|Any CPU = Release|Any CPU
	EndGlobalSection
	GlobalSection(ProjectConfigurationPlatforms) = postSolution
		{18B57517-0CF6-4592-90F6-2657E63F4AC4}.Debug|Any CPU.ActiveCfg = Debug|Any CPU
		{18B57517-0CF6-4592-90F6-2657E63F4AC4}.Debug|Any CPU.Build.0 = Debug|Any CPU
		{18B57517-0CF6-4592-90F6-2657E63F4AC4}.Release|Any CPU.ActiveCfg = Release|Any CPU
		{18B57517-0CF6-4592-90F6-2657E63F4AC4}.Release|Any CPU.Build.0 = Release|Any CPU
	EndGlobalSection
	GlobalSection(SolutionProperties) = preSolution
		HideSolutionNode = FALSE
	EndGlobalSection
	GlobalSection(ExtensibilityGlobals) = postSolution
		SolutionGuid = {184029C0-4EBC-44F1-B037-C403D8D00769}
	EndGlobalSection
EndGlobal
